{
  "nodes": {
    "flake-parts": {
      "inputs": {
        "nixpkgs-lib": "nixpkgs-lib"
      },
      "locked": {
        "lastModified": 1688466019,
        "narHash": "sha256-VeM2akYrBYMsb4W/MmBo1zmaMfgbL4cH3Pu8PGyIwJ0=",
        "owner": "hercules-ci",
        "repo": "flake-parts",
        "rev": "8e8d955c22df93dbe24f19ea04f47a74adbdc5ec",
        "type": "github"
      },
      "original": {
        "id": "flake-parts",
        "type": "indirect"
      }
    },
    "flake-parts_2": {
      "inputs": {
        "nixpkgs-lib": "nixpkgs-lib_2"
      },
      "locked": {
        "lastModified": 1685662779,
        "narHash": "sha256-cKDDciXGpMEjP1n6HlzKinN0H+oLmNpgeCTzYnsA2po=",
        "owner": "hercules-ci",
        "repo": "flake-parts",
        "rev": "71fb97f0d875fd4de4994dfb849f2c75e17eb6c3",
        "type": "github"
      },
      "original": {
        "id": "flake-parts",
        "type": "indirect"
      }
    },
    "flake-parts_3": {
      "inputs": {
        "nixpkgs-lib": [
          "hercules-ci-effects",
          "hercules-ci-agent",
          "nixpkgs"
        ]
      },
      "locked": {
        "lastModified": 1685662779,
        "narHash": "sha256-cKDDciXGpMEjP1n6HlzKinN0H+oLmNpgeCTzYnsA2po=",
        "owner": "hercules-ci",
        "repo": "flake-parts",
        "rev": "71fb97f0d875fd4de4994dfb849f2c75e17eb6c3",
        "type": "github"
      },
      "original": {
        "owner": "hercules-ci",
        "repo": "flake-parts",
        "type": "github"
      }
    },
    "go": {
      "flake": false,
      "locked": {
        "lastModified": 1688745875,
        "narHash": "sha256-8v29ShqQ/maBgX2DzZDPp+Hc/Jwntht4m8RQuqIKtvk=",
        "owner": "bbjubjub2494",
        "repo": "age-hier-go",
        "rev": "a3fb72613abf2b320813e2db89764353abc3bcbe",
        "type": "github"
      },
      "original": {
        "owner": "bbjubjub2494",
        "repo": "age-hier-go",
        "type": "github"
      }
    },
    "haskell-flake": {
      "locked": {
        "lastModified": 1684780604,
        "narHash": "sha256-2uMZsewmRn7rRtAnnQNw1lj0uZBMh4m6Cs/7dV5YF08=",
        "owner": "srid",
        "repo": "haskell-flake",
        "rev": "74210fa80a49f1b6f67223debdbf1494596ff9f2",
        "type": "github"
      },
      "original": {
        "owner": "srid",
        "ref": "0.3.0",
        "repo": "haskell-flake",
        "type": "github"
      }
    },
    "hercules-ci-agent": {
      "inputs": {
        "flake-parts": "flake-parts_3",
        "haskell-flake": "haskell-flake",
        "nixpkgs": "nixpkgs"
      },
      "locked": {
        "lastModified": 1686721748,
        "narHash": "sha256-ilD6ANYID+b0/+GTFbuZXfmu92bqVqY5ITKXSxqIp5A=",
        "owner": "hercules-ci",
        "repo": "hercules-ci-agent",
        "rev": "7192b83935ab292a8e894db590dfd44f976e183b",
        "type": "github"
      },
      "original": {
        "id": "hercules-ci-agent",
        "type": "indirect"
      }
    },
    "hercules-ci-effects": {
      "inputs": {
        "flake-parts": "flake-parts_2",
        "hercules-ci-agent": "hercules-ci-agent",
        "nixpkgs": "nixpkgs_2"
      },
      "locked": {
        "lastModified": 1688571979,
        "narHash": "sha256-asN8qFAjxZvq9HyXo0+FzVKTX+SDH2pAr71sQ06I0GE=",
        "owner": "hercules-ci",
        "repo": "hercules-ci-effects",
        "rev": "c6191e59824febda94b431146bf65628fc534e3b",
        "type": "github"
      },
      "original": {
        "owner": "hercules-ci",
        "repo": "hercules-ci-effects",
        "type": "github"
      }
    },
    "nixpkgs": {
      "locked": {
        "lastModified": 1686501370,
        "narHash": "sha256-G0WuM9fqTPRc2URKP9Lgi5nhZMqsfHGrdEbrLvAPJcg=",
        "owner": "NixOS",
        "repo": "nixpkgs",
        "rev": "75a5ebf473cd60148ba9aec0d219f72e5cf52519",
        "type": "github"
      },
      "original": {
        "owner": "NixOS",
        "ref": "nixos-unstable",
        "repo": "nixpkgs",
        "type": "github"
      }
    },
    "nixpkgs-lib": {
      "locked": {
        "dir": "lib",
        "lastModified": 1688049487,
        "narHash": "sha256-100g4iaKC9MalDjUW9iN6Jl/OocTDtXdeAj7pEGIRh4=",
        "owner": "NixOS",
        "repo": "nixpkgs",
        "rev": "4bc72cae107788bf3f24f30db2e2f685c9298dc9",
        "type": "github"
      },
      "original": {
        "dir": "lib",
        "owner": "NixOS",
        "ref": "nixos-unstable",
        "repo": "nixpkgs",
        "type": "github"
      }
    },
    "nixpkgs-lib_2": {
      "locked": {
        "dir": "lib",
        "lastModified": 1685564631,
        "narHash": "sha256-8ywr3AkblY4++3lIVxmrWZFzac7+f32ZEhH/A8pNscI=",
        "owner": "NixOS",
        "repo": "nixpkgs",
        "rev": "4f53efe34b3a8877ac923b9350c874e3dcd5dc0a",
        "type": "github"
      },
      "original": {
        "dir": "lib",
        "owner": "NixOS",
        "ref": "nixos-unstable",
        "repo": "nixpkgs",
        "type": "github"
      }
    },
    "nixpkgs_2": {
      "locked": {
        "lastModified": 1686804192,
        "narHash": "sha256-+VyQUManoec9GcNAS10HM83DkvFuS8IB/efIfSbNU5A=",
        "owner": "NixOS",
        "repo": "nixpkgs",
        "rev": "979b4232b33873e4e52692e7d1d0ebadc87d0633",
        "type": "github"
      },
      "original": {
        "owner": "NixOS",
        "repo": "nixpkgs",
        "type": "github"
      }
    },
    "nixpkgs_3": {
      "locked": {
        "lastModified": 1688590700,
        "narHash": "sha256-ZF055rIUP89cVwiLpG5xkJzx00gEuuGFF60Bs/LM3wc=",
        "owner": "NixOS",
        "repo": "nixpkgs",
        "rev": "f292b4964cb71f9dfbbd30dc9f511d6165cd109b",
        "type": "github"
      },
      "original": {
        "owner": "NixOS",
        "ref": "nixos-unstable",
        "repo": "nixpkgs",
        "type": "github"
      }
    },
    "root": {
      "inputs": {
        "flake-parts": "flake-parts",
        "go": "go",
        "hercules-ci-effects": "hercules-ci-effects",
        "nixpkgs": "nixpkgs_3",
        "rust": "rust"
      }
    },
    "rust": {
      "flake": false,
      "locked": {
        "lastModified": 1686927344,
        "narHash": "sha256-1s7bAcz2PcBGG0VynOevTpVPCjCIuTjAGBFGOMCTCaA=",
        "owner": "bbjubjub2494",
        "repo": "age-hier-rust",
        "rev": "3674513be1e45aa750dca40c728ec65707eb70b0",
        "type": "github"
      },
      "original": {
        "owner": "bbjubjub2494",
        "repo": "age-hier-rust",
        "type": "github"
      }
    }
  },
  "root": "root",
  "version": 7
}
